
Microsoft Visual Studio Solution File, Format Version 12.00
# Visual Studio Version 17
VisualStudioVersion = 17.0.31903.59
MinimumVisualStudioVersion = 10.0.40219.1
Project("{FAE04EC0-301F-11D3-BF4B-00C04F79EFBC}") = "PharmaGo.Domain", "PharmaGo.Domain\PharmaGo.Domain.csproj", "{87245830-9D70-4B45-9087-746261C182DC}"
EndProject
Project("{FAE04EC0-301F-11D3-BF4B-00C04F79EFBC}") = "PharmaGo.Application", "PharmaGo.Application\PharmaGo.Application.csproj", "{8C47341C-2F5B-41AC-95A1-2E624B7D54CF}"
EndProject
Project("{FAE04EC0-301F-11D3-BF4B-00C04F79EFBC}") = "PharmaGo.Infrastructure", "PharmaGo.Infrastructure\PharmaGo.Infrastructure.csproj", "{367E6A00-5F11-4A2E-B1B0-8F3B1E49A435}"
EndProject
Project("{FAE04EC0-301F-11D3-BF4B-00C04F79EFBC}") = "PharmaGo.Api", "PharmaGo.Api\PharmaGo.Api.csproj", "{BFDF48AC-5713-4DA4-8536-9E8B76A993F9}"
EndProject
Project("{FAE04EC0-301F-11D3-BF4B-00C04F79EFBC}") = "PharmaGo.IntegrationTests", "PharmaGo.IntegrationTests\PharmaGo.IntegrationTests.csproj", "{A5E2AD4C-B67F-4BB1-9003-A8492269F0F6}"
EndProject
Global
	GlobalSection(SolutionConfigurationPlatforms) = preSolution
		Debug|Any CPU = Debug|Any CPU
		Release|Any CPU = Release|Any CPU
	EndGlobalSection
	GlobalSection(SolutionProperties) = preSolution
		HideSolutionNode = FALSE
	EndGlobalSection
	GlobalSection(ProjectConfigurationPlatforms) = postSolution
		{87245830-9D70-4B45-9087-746261C182DC}.Debug|Any CPU.ActiveCfg = Debug|Any CPU
		{87245830-9D70-4B45-9087-746261C182DC}.Debug|Any CPU.Build.0 = Debug|Any CPU
		{87245830-9D70-4B45-9087-746261C182DC}.Release|Any CPU.ActiveCfg = Release|Any CPU
		{87245830-9D70-4B45-9087-746261C182DC}.Release|Any CPU.Build.0 = Release|Any CPU
		{8C47341C-2F5B-41AC-95A1-2E624B7D54CF}.Debug|Any CPU.ActiveCfg = Debug|Any CPU
		{8C47341C-2F5B-41AC-95A1-2E624B7D54CF}.Debug|Any CPU.Build.0 = Debug|Any CPU
		{8C47341C-2F5B-41AC-95A1-2E624B7D54CF}.Release|Any CPU.ActiveCfg = Release|Any CPU
		{8C47341C-2F5B-41AC-95A1-2E624B7D54CF}.Release|Any CPU.Build.0 = Release|Any CPU
		{367E6A00-5F11-4A2E-B1B0-8F3B1E49A435}.Debug|Any CPU.ActiveCfg = Debug|Any CPU
		{367E6A00-5F11-4A2E-B1B0-8F3B1E49A435}.Debug|Any CPU.Build.0 = Debug|Any CPU
		{367E6A00-5F11-4A2E-B1B0-8F3B1E49A435}.Release|Any CPU.ActiveCfg = Release|Any CPU
		{367E6A00-5F11-4A2E-B1B0-8F3B1E49A435}.Release|Any CPU.Build.0 = Release|Any CPU
		{BFDF48AC-5713-4DA4-8536-9E8B76A993F9}.Debug|Any CPU.ActiveCfg = Debug|Any CPU
		{BFDF48AC-5713-4DA4-8536-9E8B76A993F9}.Debug|Any CPU.Build.0 = Debug|Any CPU
		{BFDF48AC-5713-4DA4-8536-9E8B76A993F9}.Release|Any CPU.ActiveCfg = Release|Any CPU
		{BFDF48AC-5713-4DA4-8536-9E8B76A993F9}.Release|Any CPU.Build.0 = Release|Any CPU
		{A5E2AD4C-B67F-4BB1-9003-A8492269F0F6}.Debug|Any CPU.ActiveCfg = Debug|Any CPU
		{A5E2AD4C-B67F-4BB1-9003-A8492269F0F6}.Debug|Any CPU.Build.0 = Debug|Any CPU
		{A5E2AD4C-B67F-4BB1-9003-A8492269F0F6}.Release|Any CPU.ActiveCfg = Release|Any CPU
		{A5E2AD4C-B67F-4BB1-9003-A8492269F0F6}.Release|Any CPU.Build.0 = Release|Any CPU
	EndGlobalSection
EndGlobal
